{
  "name": "test-final",
  "lockfileVersion": 3,
  "requires": true,
  "packages": {
    "": {
      "dependencies": {
        "@msaidg/dropdown-menu": "^1.0.0"
      }
    },
    "node_modules/@msaidg/dropdown-menu": {
      "version": "1.0.0",
      "resolved": "https://registry.npmjs.org/@msaidg/dropdown-menu/-/dropdown-menu-1.0.0.tgz",
      "integrity": "sha512-txOgRuVw9N/7/o9KaUGvgizOhOOu1boe+vSGv1uSN45NLJVVe6z5PMQSynikt+UWz+vpD2mv0K2CB4nfydwxZA==",
      "license": "MIT"
    }
  }
}
