{
  "name": "test-folder",
  "lockfileVersion": 3,
  "requires": true,
  "packages": {
    "": {
      "dependencies": {
        "@msaidg/dropdown-menu": "^0.0.2"
      }
    },
    "node_modules/@msaidg/dropdown-menu": {
      "version": "0.0.2",
      "resolved": "https://registry.npmjs.org/@msaidg/dropdown-menu/-/dropdown-menu-0.0.2.tgz",
      "integrity": "sha512-bm50CneqNxnZNAAjYMprC01e9dCd2h7+/2grQgmJi2uuURyNzTfqCJmhmiKDKkp11kkV1AiTq3s4WjD6GOuPSQ==",
      "license": "MIT"
    }
  }
}
